
Microsoft Visual Studio Solution File, Format Version 12.00
# Visual Studio 15
VisualStudioVersion = 15.0.27703.2000
MinimumVisualStudioVersion = 10.0.40219.1
Project("{FAE04EC0-301F-11D3-BF4B-00C04F79EFBC}") = "AutoescuelaRolling.Android", "AutoescuelaRolling\AutoescuelaRolling.Android\AutoescuelaRolling.Android.csproj", "{5DDE3885-ED74-437C-A2DC-DDB81FA5A7EC}"
EndProject
Project("{FAE04EC0-301F-11D3-BF4B-00C04F79EFBC}") = "AutoescuelaRolling.iOS", "AutoescuelaRolling\AutoescuelaRolling.iOS\AutoescuelaRolling.iOS.csproj", "{AA694A2A-B035-4C22-98B4-7B914C9E2C52}"
EndProject
Project("{FAE04EC0-301F-11D3-BF4B-00C04F79EFBC}") = "AutoescuelaRolling", "AutoescuelaRolling\AutoescuelaRolling\AutoescuelaRolling.csproj", "{F28B3075-BEB3-4B51-A04B-4D54E55D45BA}"
EndProject
Global
	GlobalSection(SolutionConfigurationPlatforms) = preSolution
		Ad-Hoc|Any CPU = Ad-Hoc|Any CPU
		Ad-Hoc|iPhone = Ad-Hoc|iPhone
		Ad-Hoc|iPhoneSimulator = Ad-Hoc|iPhoneSimulator
		AppStore|Any CPU = AppStore|Any CPU
		AppStore|iPhone = AppStore|iPhone
		AppStore|iPhoneSimulator = AppStore|iPhoneSimulator
		Debug|Any CPU = Debug|Any CPU
		Debug|iPhone = Debug|iPhone
		Debug|iPhoneSimulator = Debug|iPhoneSimulator
		Release|Any CPU = Release|Any CPU
		Release|iPhone = Release|iPhone
		Release|iPhoneSimulator = Release|iPhoneSimulator
	EndGlobalSection
	GlobalSection(ProjectConfigurationPlatforms) = postSolution
		{5DDE3885-ED74-437C-A2DC-DDB81FA5A7EC}.Ad-Hoc|Any CPU.ActiveCfg = Release|Any CPU
		{5DDE3885-ED74-437C-A2DC-DDB81FA5A7EC}.Ad-Hoc|Any CPU.Build.0 = Release|Any CPU
		{5DDE3885-ED74-437C-A2DC-DDB81FA5A7EC}.Ad-Hoc|Any CPU.Deploy.0 = Release|Any CPU
		{5DDE3885-ED74-437C-A2DC-DDB81FA5A7EC}.Ad-Hoc|iPhone.ActiveCfg = Release|Any CPU
		{5DDE3885-ED74-437C-A2DC-DDB81FA5A7EC}.Ad-Hoc|iPhone.Build.0 = Release|Any CPU
		{5DDE3885-ED74-437C-A2DC-DDB81FA5A7EC}.Ad-Hoc|iPhone.Deploy.0 = Release|Any CPU
		{5DDE3885-ED74-437C-A2DC-DDB81FA5A7EC}.Ad-Hoc|iPhoneSimulator.ActiveCfg = Release|Any CPU
		{5DDE3885-ED74-437C-A2DC-DDB81FA5A7EC}.Ad-Hoc|iPhoneSimulator.Build.0 = Release|Any CPU
		{5DDE3885-ED74-437C-A2DC-DDB81FA5A7EC}.Ad-Hoc|iPhoneSimulator.Deploy.0 = Release|Any CPU
		{5DDE3885-ED74-437C-A2DC-DDB81FA5A7EC}.AppStore|Any CPU.ActiveCfg = Release|Any CPU
		{5DDE3885-ED74-437C-A2DC-DDB81FA5A7EC}.AppStore|Any CPU.Build.0 = Release|Any CPU
		{5DDE3885-ED74-437C-A2DC-DDB81FA5A7EC}.AppStore|Any CPU.Deploy.0 = Release|Any CPU
		{5DDE3885-ED74-437C-A2DC-DDB81FA5A7EC}.AppStore|iPhone.ActiveCfg = Release|Any CPU
		{5DDE3885-ED74-437C-A2DC-DDB81FA5A7EC}.AppStore|iPhone.Build.0 = Release|Any CPU
		{5DDE3885-ED74-437C-A2DC-DDB81FA5A7EC}.AppStore|iPhone.Deploy.0 = Release|Any CPU
		{5DDE3885-ED74-437C-A2DC-DDB81FA5A7EC}.AppStore|iPhoneSimulator.ActiveCfg = Release|Any CPU
		{5DDE3885-ED74-437C-A2DC-DDB81FA5A7EC}.AppStore|iPhoneSimulator.Build.0 = Release|Any CPU
		{5DDE3885-ED74-437C-A2DC-DDB81FA5A7EC}.AppStore|iPhoneSimulator.Deploy.0 = Release|Any CPU
		{5DDE3885-ED74-437C-A2DC-DDB81FA5A7EC}.Debug|Any CPU.ActiveCfg = Debug|Any CPU
		{5DDE3885-ED74-437C-A2DC-DDB81FA5A7EC}.Debug|Any CPU.Build.0 = Debug|Any CPU
		{5DDE3885-ED74-437C-A2DC-DDB81FA5A7EC}.Debug|Any CPU.Deploy.0 = Debug|Any CPU
		{5DDE3885-ED74-437C-A2DC-DDB81FA5A7EC}.Debug|iPhone.ActiveCfg = Debug|Any CPU
		{5DDE3885-ED74-437C-A2DC-DDB81FA5A7EC}.Debug|iPhone.Build.0 = Debug|Any CPU
		{5DDE3885-ED74-437C-A2DC-DDB81FA5A7EC}.Debug|iPhone.Deploy.0 = Debug|Any CPU
		{5DDE3885-ED74-437C-A2DC-DDB81FA5A7EC}.Debug|iPhoneSimulator.ActiveCfg = Debug|Any CPU
		{5DDE3885-ED74-437C-A2DC-DDB81FA5A7EC}.Debug|iPhoneSimulator.Build.0 = Debug|Any CPU
		{5DDE3885-ED74-437C-A2DC-DDB81FA5A7EC}.Debug|iPhoneSimulator.Deploy.0 = Debug|Any CPU
		{5DDE3885-ED74-437C-A2DC-DDB81FA5A7EC}.Release|Any CPU.ActiveCfg = Release|Any CPU
		{5DDE3885-ED74-437C-A2DC-DDB81FA5A7EC}.Release|Any CPU.Build.0 = Release|Any CPU
		{5DDE3885-ED74-437C-A2DC-DDB81FA5A7EC}.Release|Any CPU.Deploy.0 = Release|Any CPU
		{5DDE3885-ED74-437C-A2DC-DDB81FA5A7EC}.Release|iPhone.ActiveCfg = Release|Any CPU
		{5DDE3885-ED74-437C-A2DC-DDB81FA5A7EC}.Release|iPhone.Build.0 = Release|Any CPU
		{5DDE3885-ED74-437C-A2DC-DDB81FA5A7EC}.Release|iPhone.Deploy.0 = Release|Any CPU
		{5DDE3885-ED74-437C-A2DC-DDB81FA5A7EC}.Release|iPhoneSimulator.ActiveCfg = Release|Any CPU
		{5DDE3885-ED74-437C-A2DC-DDB81FA5A7EC}.Release|iPhoneSimulator.Build.0 = Release|Any CPU
		{5DDE3885-ED74-437C-A2DC-DDB81FA5A7EC}.Release|iPhoneSimulator.Deploy.0 = Release|Any CPU
		{AA694A2A-B035-4C22-98B4-7B914C9E2C52}.Ad-Hoc|Any CPU.ActiveCfg = Ad-Hoc|iPhone
		{AA694A2A-B035-4C22-98B4-7B914C9E2C52}.Ad-Hoc|Any CPU.Build.0 = Ad-Hoc|iPhone
		{AA694A2A-B035-4C22-98B4-7B914C9E2C52}.Ad-Hoc|Any CPU.Deploy.0 = Ad-Hoc|iPhone
		{AA694A2A-B035-4C22-98B4-7B914C9E2C52}.Ad-Hoc|iPhone.ActiveCfg = Ad-Hoc|iPhone
		{AA694A2A-B035-4C22-98B4-7B914C9E2C52}.Ad-Hoc|iPhone.Build.0 = Ad-Hoc|iPhone
		{AA694A2A-B035-4C22-98B4-7B914C9E2C52}.Ad-Hoc|iPhone.Deploy.0 = Ad-Hoc|iPhone
		{AA694A2A-B035-4C22-98B4-7B914C9E2C52}.Ad-Hoc|iPhoneSimulator.ActiveCfg = Ad-Hoc|iPhoneSimulator
		{AA694A2A-B035-4C22-98B4-7B914C9E2C52}.Ad-Hoc|iPhoneSimulator.Build.0 = Ad-Hoc|iPhoneSimulator
		{AA694A2A-B035-4C22-98B4-7B914C9E2C52}.Ad-Hoc|iPhoneSimulator.Deploy.0 = Ad-Hoc|iPhoneSimulator
		{AA694A2A-B035-4C22-98B4-7B914C9E2C52}.AppStore|Any CPU.ActiveCfg = AppStore|iPhone
		{AA694A2A-B035-4C22-98B4-7B914C9E2C52}.AppStore|Any CPU.Build.0 = AppStore|iPhone
		{AA694A2A-B035-4C22-98B4-7B914C9E2C52}.AppStore|Any CPU.Deploy.0 = AppStore|iPhone
		{AA694A2A-B035-4C22-98B4-7B914C9E2C52}.AppStore|iPhone.ActiveCfg = AppStore|iPhone
		{AA694A2A-B035-4C22-98B4-7B914C9E2C52}.AppStore|iPhone.Build.0 = AppStore|iPhone
		{AA694A2A-B035-4C22-98B4-7B914C9E2C52}.AppStore|iPhone.Deploy.0 = AppStore|iPhone
		{AA694A2A-B035-4C22-98B4-7B914C9E2C52}.AppStore|iPhoneSimulator.ActiveCfg = AppStore|iPhoneSimulator
		{AA694A2A-B035-4C22-98B4-7B914C9E2C52}.AppStore|iPhoneSimulator.Build.0 = AppStore|iPhoneSimulator
		{AA694A2A-B035-4C22-98B4-7B914C9E2C52}.AppStore|iPhoneSimulator.Deploy.0 = AppStore|iPhoneSimulator
		{AA694A2A-B035-4C22-98B4-7B914C9E2C52}.Debug|Any CPU.ActiveCfg = Debug|iPhoneSimulator
		{AA694A2A-B035-4C22-98B4-7B914C9E2C52}.Debug|Any CPU.Build.0 = Debug|iPhoneSimulator
		{AA694A2A-B035-4C22-98B4-7B914C9E2C52}.Debug|Any CPU.Deploy.0 = Debug|iPhoneSimulator
		{AA694A2A-B035-4C22-98B4-7B914C9E2C52}.Debug|iPhone.ActiveCfg = Debug|iPhone
		{AA694A2A-B035-4C22-98B4-7B914C9E2C52}.Debug|iPhone.Build.0 = Debug|iPhone
		{AA694A2A-B035-4C22-98B4-7B914C9E2C52}.Debug|iPhone.Deploy.0 = Debug|iPhone
		{AA694A2A-B035-4C22-98B4-7B914C9E2C52}.Debug|iPhoneSimulator.ActiveCfg = Debug|iPhoneSimulator
		{AA694A2A-B035-4C22-98B4-7B914C9E2C52}.Debug|iPhoneSimulator.Build.0 = Debug|iPhoneSimulator
		{AA694A2A-B035-4C22-98B4-7B914C9E2C52}.Debug|iPhoneSimulator.Deploy.0 = Debug|iPhoneSimulator
		{AA694A2A-B035-4C22-98B4-7B914C9E2C52}.Release|Any CPU.ActiveCfg = Release|iPhone
		{AA694A2A-B035-4C22-98B4-7B914C9E2C52}.Release|Any CPU.Build.0 = Release|iPhone
		{AA694A2A-B035-4C22-98B4-7B914C9E2C52}.Release|Any CPU.Deploy.0 = Release|iPhone
		{AA694A2A-B035-4C22-98B4-7B914C9E2C52}.Release|iPhone.ActiveCfg = Release|iPhone
		{AA694A2A-B035-4C22-98B4-7B914C9E2C52}.Release|iPhone.Build.0 = Release|iPhone
		{AA694A2A-B035-4C22-98B4-7B914C9E2C52}.Release|iPhone.Deploy.0 = Release|iPhone
		{AA694A2A-B035-4C22-98B4-7B914C9E2C52}.Release|iPhoneSimulator.ActiveCfg = Release|iPhoneSimulator
		{AA694A2A-B035-4C22-98B4-7B914C9E2C52}.Release|iPhoneSimulator.Build.0 = Release|iPhoneSimulator
		{AA694A2A-B035-4C22-98B4-7B914C9E2C52}.Release|iPhoneSimulator.Deploy.0 = Release|iPhoneSimulator
		{F28B3075-BEB3-4B51-A04B-4D54E55D45BA}.Ad-Hoc|Any CPU.ActiveCfg = Debug|Any CPU
		{F28B3075-BEB3-4B51-A04B-4D54E55D45BA}.Ad-Hoc|Any CPU.Build.0 = Debug|Any CPU
		{F28B3075-BEB3-4B51-A04B-4D54E55D45BA}.Ad-Hoc|Any CPU.Deploy.0 = Debug|Any CPU
		{F28B3075-BEB3-4B51-A04B-4D54E55D45BA}.Ad-Hoc|iPhone.ActiveCfg = Debug|Any CPU
		{F28B3075-BEB3-4B51-A04B-4D54E55D45BA}.Ad-Hoc|iPhone.Build.0 = Debug|Any CPU
		{F28B3075-BEB3-4B51-A04B-4D54E55D45BA}.Ad-Hoc|iPhone.Deploy.0 = Debug|Any CPU
		{F28B3075-BEB3-4B51-A04B-4D54E55D45BA}.Ad-Hoc|iPhoneSimulator.ActiveCfg = Debug|Any CPU
		{F28B3075-BEB3-4B51-A04B-4D54E55D45BA}.Ad-Hoc|iPhoneSimulator.Build.0 = Debug|Any CPU
		{F28B3075-BEB3-4B51-A04B-4D54E55D45BA}.Ad-Hoc|iPhoneSimulator.Deploy.0 = Debug|Any CPU
		{F28B3075-BEB3-4B51-A04B-4D54E55D45BA}.AppStore|Any CPU.ActiveCfg = Debug|Any CPU
		{F28B3075-BEB3-4B51-A04B-4D54E55D45BA}.AppStore|Any CPU.Build.0 = Debug|Any CPU
		{F28B3075-BEB3-4B51-A04B-4D54E55D45BA}.AppStore|Any CPU.Deploy.0 = Debug|Any CPU
		{F28B3075-BEB3-4B51-A04B-4D54E55D45BA}.AppStore|iPhone.ActiveCfg = Debug|Any CPU
		{F28B3075-BEB3-4B51-A04B-4D54E55D45BA}.AppStore|iPhone.Build.0 = Debug|Any CPU
		{F28B3075-BEB3-4B51-A04B-4D54E55D45BA}.AppStore|iPhone.Deploy.0 = Debug|Any CPU
		{F28B3075-BEB3-4B51-A04B-4D54E55D45BA}.AppStore|iPhoneSimulator.ActiveCfg = Debug|Any CPU
		{F28B3075-BEB3-4B51-A04B-4D54E55D45BA}.AppStore|iPhoneSimulator.Build.0 = Debug|Any CPU
		{F28B3075-BEB3-4B51-A04B-4D54E55D45BA}.AppStore|iPhoneSimulator.Deploy.0 = Debug|Any CPU
		{F28B3075-BEB3-4B51-A04B-4D54E55D45BA}.Debug|Any CPU.ActiveCfg = Debug|Any CPU
		{F28B3075-BEB3-4B51-A04B-4D54E55D45BA}.Debug|Any CPU.Build.0 = Debug|Any CPU
		{F28B3075-BEB3-4B51-A04B-4D54E55D45BA}.Debug|Any CPU.Deploy.0 = Debug|Any CPU
		{F28B3075-BEB3-4B51-A04B-4D54E55D45BA}.Debug|iPhone.ActiveCfg = Debug|Any CPU
		{F28B3075-BEB3-4B51-A04B-4D54E55D45BA}.Debug|iPhone.Build.0 = Debug|Any CPU
		{F28B3075-BEB3-4B51-A04B-4D54E55D45BA}.Debug|iPhone.Deploy.0 = Debug|Any CPU
		{F28B3075-BEB3-4B51-A04B-4D54E55D45BA}.Debug|iPhoneSimulator.ActiveCfg = Debug|Any CPU
		{F28B3075-BEB3-4B51-A04B-4D54E55D45BA}.Debug|iPhoneSimulator.Build.0 = Debug|Any CPU
		{F28B3075-BEB3-4B51-A04B-4D54E55D45BA}.Debug|iPhoneSimulator.Deploy.0 = Debug|Any CPU
		{F28B3075-BEB3-4B51-A04B-4D54E55D45BA}.Release|Any CPU.ActiveCfg = Release|Any CPU
		{F28B3075-BEB3-4B51-A04B-4D54E55D45BA}.Release|Any CPU.Build.0 = Release|Any CPU
		{F28B3075-BEB3-4B51-A04B-4D54E55D45BA}.Release|Any CPU.Deploy.0 = Release|Any CPU
		{F28B3075-BEB3-4B51-A04B-4D54E55D45BA}.Release|iPhone.ActiveCfg = Release|Any CPU
		{F28B3075-BEB3-4B51-A04B-4D54E55D45BA}.Release|iPhone.Build.0 = Release|Any CPU
		{F28B3075-BEB3-4B51-A04B-4D54E55D45BA}.Release|iPhone.Deploy.0 = Release|Any CPU
		{F28B3075-BEB3-4B51-A04B-4D54E55D45BA}.Release|iPhoneSimulator.ActiveCfg = Release|Any CPU
		{F28B3075-BEB3-4B51-A04B-4D54E55D45BA}.Release|iPhoneSimulator.Build.0 = Release|Any CPU
		{F28B3075-BEB3-4B51-A04B-4D54E55D45BA}.Release|iPhoneSimulator.Deploy.0 = Release|Any CPU
	EndGlobalSection
	GlobalSection(SolutionProperties) = preSolution
		HideSolutionNode = FALSE
	EndGlobalSection
	GlobalSection(ExtensibilityGlobals) = postSolution
		SolutionGuid = {1F985E8F-D5CF-4191-94D1-696676A6FD12}
	EndGlobalSection
EndGlobal
